
Microsoft Visual Studio Solution File, Format Version 12.00
# Visual Studio 14
VisualStudioVersion = 14.0.25420.1
MinimumVisualStudioVersion = 10.0.40219.1
Project("{FAE04EC0-301F-11D3-BF4B-00C04F79EFBC}") = "AppProfProPartage", "MvcAppDelighful\AppProfProPartage.csproj", "{AC95910E-1E93-43D5-9326-11E6A1C212FA}"
EndProject
Project("{FAE04EC0-301F-11D3-BF4B-00C04F79EFBC}") = "ProfProPartage.Model", "Delighful.Model\ProfProPartage.Model.csproj", "{89D93504-3B2C-4B7B-AB95-0B8476416BF0}"
EndProject
Project("{FAE04EC0-301F-11D3-BF4B-00C04F79EFBC}") = "ProfProPartage.Bll", "Delighful.Bll\ProfProPartage.Bll.csproj", "{3C59E84E-8450-4247-A162-3157C6665B48}"
EndProject
Project("{FAE04EC0-301F-11D3-BF4B-00C04F79EFBC}") = "ProfProPartage.Dal", "Delightful.Dal\ProfProPartage.Dal.csproj", "{BA436F49-3673-4F24-BA0C-0D67D0B14FE9}"
EndProject
Project("{FAE04EC0-301F-11D3-BF4B-00C04F79EFBC}") = "ProfProPartage.Helper", "Delightful.Helper\ProfProPartage.Helper.csproj", "{3B494D42-E66C-4BA9-9EFB-17A121597512}"
EndProject
Project("{FAE04EC0-301F-11D3-BF4B-00C04F79EFBC}") = "ProfProPartage.ViewModel", "Delightful.ViewModel\ProfProPartage.ViewModel.csproj", "{04582D3F-D153-41C1-BAE5-D91C723DFEC3}"
EndProject
Project("{FAE04EC0-301F-11D3-BF4B-00C04F79EFBC}") = "ProfProPartage.Validation", "Delightful.Validation\ProfProPartage.Validation.csproj", "{13B926D1-0A24-4F60-8E04-677FA695F25A}"
EndProject
Project("{FAE04EC0-301F-11D3-BF4B-00C04F79EFBC}") = "ProfProPartage.Res", "Delightful.Res\ProfProPartage.Res.csproj", "{4BACFBC3-DC9B-4BE3-ADDA-07CC1AC71002}"
EndProject
Project("{FAE04EC0-301F-11D3-BF4B-00C04F79EFBC}") = "ProfProPartage.Dto", "Delightful.Dto\ProfProPartage.Dto.csproj", "{BDBC2CFE-53C9-4A19-B161-3B696B674401}"
EndProject
Global
	GlobalSection(SolutionConfigurationPlatforms) = preSolution
		Debug|Any CPU = Debug|Any CPU
		Release|Any CPU = Release|Any CPU
	EndGlobalSection
	GlobalSection(ProjectConfigurationPlatforms) = postSolution
		{AC95910E-1E93-43D5-9326-11E6A1C212FA}.Debug|Any CPU.ActiveCfg = Debug|Any CPU
		{AC95910E-1E93-43D5-9326-11E6A1C212FA}.Debug|Any CPU.Build.0 = Debug|Any CPU
		{AC95910E-1E93-43D5-9326-11E6A1C212FA}.Release|Any CPU.ActiveCfg = Release|Any CPU
		{AC95910E-1E93-43D5-9326-11E6A1C212FA}.Release|Any CPU.Build.0 = Release|Any CPU
		{89D93504-3B2C-4B7B-AB95-0B8476416BF0}.Debug|Any CPU.ActiveCfg = Debug|Any CPU
		{89D93504-3B2C-4B7B-AB95-0B8476416BF0}.Debug|Any CPU.Build.0 = Debug|Any CPU
		{89D93504-3B2C-4B7B-AB95-0B8476416BF0}.Release|Any CPU.ActiveCfg = Release|Any CPU
		{89D93504-3B2C-4B7B-AB95-0B8476416BF0}.Release|Any CPU.Build.0 = Release|Any CPU
		{3C59E84E-8450-4247-A162-3157C6665B48}.Debug|Any CPU.ActiveCfg = Debug|Any CPU
		{3C59E84E-8450-4247-A162-3157C6665B48}.Debug|Any CPU.Build.0 = Debug|Any CPU
		{3C59E84E-8450-4247-A162-3157C6665B48}.Release|Any CPU.ActiveCfg = Release|Any CPU
		{3C59E84E-8450-4247-A162-3157C6665B48}.Release|Any CPU.Build.0 = Release|Any CPU
		{BA436F49-3673-4F24-BA0C-0D67D0B14FE9}.Debug|Any CPU.ActiveCfg = Debug|Any CPU
		{BA436F49-3673-4F24-BA0C-0D67D0B14FE9}.Debug|Any CPU.Build.0 = Debug|Any CPU
		{BA436F49-3673-4F24-BA0C-0D67D0B14FE9}.Release|Any CPU.ActiveCfg = Release|Any CPU
		{BA436F49-3673-4F24-BA0C-0D67D0B14FE9}.Release|Any CPU.Build.0 = Release|Any CPU
		{3B494D42-E66C-4BA9-9EFB-17A121597512}.Debug|Any CPU.ActiveCfg = Debug|Any CPU
		{3B494D42-E66C-4BA9-9EFB-17A121597512}.Debug|Any CPU.Build.0 = Debug|Any CPU
		{3B494D42-E66C-4BA9-9EFB-17A121597512}.Release|Any CPU.ActiveCfg = Release|Any CPU
		{3B494D42-E66C-4BA9-9EFB-17A121597512}.Release|Any CPU.Build.0 = Release|Any CPU
		{04582D3F-D153-41C1-BAE5-D91C723DFEC3}.Debug|Any CPU.ActiveCfg = Debug|Any CPU
		{04582D3F-D153-41C1-BAE5-D91C723DFEC3}.Debug|Any CPU.Build.0 = Debug|Any CPU
		{04582D3F-D153-41C1-BAE5-D91C723DFEC3}.Release|Any CPU.ActiveCfg = Release|Any CPU
		{04582D3F-D153-41C1-BAE5-D91C723DFEC3}.Release|Any CPU.Build.0 = Release|Any CPU
		{13B926D1-0A24-4F60-8E04-677FA695F25A}.Debug|Any CPU.ActiveCfg = Debug|Any CPU
		{13B926D1-0A24-4F60-8E04-677FA695F25A}.Debug|Any CPU.Build.0 = Debug|Any CPU
		{13B926D1-0A24-4F60-8E04-677FA695F25A}.Release|Any CPU.ActiveCfg = Release|Any CPU
		{13B926D1-0A24-4F60-8E04-677FA695F25A}.Release|Any CPU.Build.0 = Release|Any CPU
		{4BACFBC3-DC9B-4BE3-ADDA-07CC1AC71002}.Debug|Any CPU.ActiveCfg = Debug|Any CPU
		{4BACFBC3-DC9B-4BE3-ADDA-07CC1AC71002}.Debug|Any CPU.Build.0 = Debug|Any CPU
		{4BACFBC3-DC9B-4BE3-ADDA-07CC1AC71002}.Release|Any CPU.ActiveCfg = Release|Any CPU
		{4BACFBC3-DC9B-4BE3-ADDA-07CC1AC71002}.Release|Any CPU.Build.0 = Release|Any CPU
		{BDBC2CFE-53C9-4A19-B161-3B696B674401}.Debug|Any CPU.ActiveCfg = Debug|Any CPU
		{BDBC2CFE-53C9-4A19-B161-3B696B674401}.Debug|Any CPU.Build.0 = Debug|Any CPU
		{BDBC2CFE-53C9-4A19-B161-3B696B674401}.Release|Any CPU.ActiveCfg = Release|Any CPU
		{BDBC2CFE-53C9-4A19-B161-3B696B674401}.Release|Any CPU.Build.0 = Release|Any CPU
	EndGlobalSection
	GlobalSection(SolutionProperties) = preSolution
		HideSolutionNode = FALSE
	EndGlobalSection
	GlobalSection(ExtensibilityGlobals) = postSolution
		VisualSVNWorkingCopyRoot = .
	EndGlobalSection
EndGlobal
